{
  "name": "ajs-2",
  "version": "1.0.0",
  "lockfileVersion": 3,
  "requires": true,
  "packages": {
    "": {
      "name": "ajs-2",
      "version": "1.0.0",
      "license": "ISC",
      "dependencies": {
        "@professor-severus-snape/ajs": "1.0.0"
      }
    },
    "node_modules/@professor-severus-snape/ajs": {
      "version": "1.0.0",
      "resolved": "https://npm.pkg.github.com/download/@professor-severus-snape/ajs/1.0.0/ba3e108c1b2652ce9f55f70834a8755a4b0c6156",
      "integrity": "sha512-DQkrwmr/YfDsdWwz5yxQcCPzBDwN4DGURPx6vzdWhyWW/9Yp2npmiG5saPISaCS1Sur7JxZYrCSTUKyTfxUzYw=="
    }
  }
}
